
Microsoft Visual Studio Solution File, Format Version 12.00
# Visual Studio 15
VisualStudioVersion = 15.0.28307.136
MinimumVisualStudioVersion = 10.0.40219.1
Project("{FAE04EC0-301F-11D3-BF4B-00C04F79EFBC}") = "ChatServer", "ChatServer\ChatServer.csproj", "{2BCA9B36-9829-415C-8454-41F633962D4F}"
EndProject
Global
	GlobalSection(SolutionConfigurationPlatforms) = preSolution
		Debug|Any CPU = Debug|Any CPU
		Release|Any CPU = Release|Any CPU
	EndGlobalSection
	GlobalSection(ProjectConfigurationPlatforms) = postSolution
		{2BCA9B36-9829-415C-8454-41F633962D4F}.Debug|Any CPU.ActiveCfg = Debug|Any CPU
		{2BCA9B36-9829-415C-8454-41F633962D4F}.Debug|Any CPU.Build.0 = Debug|Any CPU
		{2BCA9B36-9829-415C-8454-41F633962D4F}.Release|Any CPU.ActiveCfg = Release|Any CPU
		{2BCA9B36-9829-415C-8454-41F633962D4F}.Release|Any CPU.Build.0 = Release|Any CPU
	EndGlobalSection
	GlobalSection(SolutionProperties) = preSolution
		HideSolutionNode = FALSE
	EndGlobalSection
	GlobalSection(ExtensibilityGlobals) = postSolution
		SolutionGuid = {880332B2-0CA2-4BAB-AD30-6F1CDF03F359}
	EndGlobalSection
EndGlobal
